<?xml version="1.0" encoding="utf-8"?>
<Project ToolsVersion="4.0" xmlns="http://schemas.microsoft.com/developer/msbuild/2003">
  <ItemGroup>
    <Filter Include="Source Files">
      <UniqueIdentifier>{4FC737F1-C7A5-4376-A066-2A32D752A2FF}</UniqueIdentifier>
      <Extensions>cpp;c;cc;cxx;c++;cppm;ixx;def;odl;idl;hpj;bat;asm;asmx</Extensions>
    </Filter>
    <Filter Include="Header Files">
      <UniqueIdentifier>{93995380-89BD-4b04-88EB-625FBE52EBFB}</UniqueIdentifier>
      <Extensions>h;hh;hpp;hxx;h++;hm;inl;inc;ipp;xsd</Extensions>
    </Filter>
    <Filter Include="Resource Files">
      <UniqueIdentifier>{67DA6AB6-F800-4c08-8B7A-83BB121AAD01}</UniqueIdentifier>
      <Extensions>rc;ico;cur;bmp;dlg;rc2;rct;bin;rgs;gif;jpg;jpeg;jpe;resx;tiff;tif;png;wav;mfcribbon-ms</Extensions>
    </Filter>
    <Filter Include="Header Files\Pages">
      <UniqueIdentifier>{77e4731b-3f49-41dd-bcf5-112c9a79e889}</UniqueIdentifier>
    </Filter>
    <Filter Include="Header Files\Constants">
      <UniqueIdentifier>{08611579-4285-4ed7-aea3-8a4e040da3b9}</UniqueIdentifier>
    </Filter>
    <Filter Include="Source Files\Pages">
      <UniqueIdentifier>{23f2619a-bd14-4fdd-9994-8cf57eb681c6}</UniqueIdentifier>
    </Filter>
    <Filter Include="Header Files\WindowsSpecificHelpers">
      <UniqueIdentifier>{6e5ec330-f061-428b-b71a-56770ab760ef}</UniqueIdentifier>
    </Filter>
    <Filter Include="Source Files\WindowsSpecificHelpers">
      <UniqueIdentifier>{babe4991-65f2-4212-85d1-e7fc51538e08}</UniqueIdentifier>
    </Filter>
    <Filter Include="Header Files\activityTracking">
      <UniqueIdentifier>{c46d2316-bed2-4c1b-b7fc-99bab07d2457}</UniqueIdentifier>
    </Filter>
    <Filter Include="Source Files\activityTracking">
      <UniqueIdentifier>{ac261248-db8f-4a35-9f45-e9a6c5ac6809}</UniqueIdentifier>
    </Filter>
    <Filter Include="Header Files\Network">
      <UniqueIdentifier>{c877e70b-3708-441e-8d98-40cf7c6069f5}</UniqueIdentifier>
    </Filter>
    <Filter Include="Header Files\activityTracking\WindowsAppsInfo">
      <UniqueIdentifier>{a7a0c1d9-1d04-4f59-929d-9fccdb8c98c8}</UniqueIdentifier>
    </Filter>
    <Filter Include="Source Files\activityTracking\WindowsAppsInfo">
      <UniqueIdentifier>{4de6f273-1a7a-4edb-9a50-52d46109cdfb}</UniqueIdentifier>
    </Filter>
    <Filter Include="Header Files\Network\JSON">
      <UniqueIdentifier>{71641930-8c1c-4e74-84a2-2e0428460455}</UniqueIdentifier>
    </Filter>
    <Filter Include="resources">
      <UniqueIdentifier>{29bfe6e2-f95b-44c8-b746-35bafb3a2796}</UniqueIdentifier>
    </Filter>
    <Filter Include="Source Files\Network">
      <UniqueIdentifier>{fdbcf431-2385-40c0-9b3d-e930edc3d00c}</UniqueIdentifier>
    </Filter>
    <Filter Include="Header Files\generalHelpers">
      <UniqueIdentifier>{dde375c5-1c50-4e01-b2e0-791207772ee1}</UniqueIdentifier>
    </Filter>
    <Filter Include="Header Files\activityTracking\Screenshots">
      <UniqueIdentifier>{25cd91f4-48b6-4cb9-ac4d-db1b04c1b0ea}</UniqueIdentifier>
    </Filter>
    <Filter Include="Source Files\activityTracking\Screenshots">
      <UniqueIdentifier>{f948b6ac-c313-431b-88ca-30ce503bce75}</UniqueIdentifier>
    </Filter>
  </ItemGroup>
  <ItemGroup>
    <ClCompile Include="MainApp.cpp">
      <Filter>Source Files</Filter>
    </ClCompile>
    <ClCompile Include="MainFrame.hpp">
      <Filter>Header Files</Filter>
    </ClCompile>
    <ClCompile Include="MainFrame1.cpp">
      <Filter>Source Files</Filter>
    </ClCompile>
    <ClCompile Include="ConfigManager.cpp">
      <Filter>Source Files</Filter>
    </ClCompile>
    <ClCompile Include="InitialSetupPage.cpp">
      <Filter>Source Files\Pages</Filter>
    </ClCompile>
    <ClCompile Include="ExistingSetupPage.cpp">
      <Filter>Source Files\Pages</Filter>
    </ClCompile>
    <ClCompile Include="MainPage.cpp">
      <Filter>Source Files\Pages</Filter>
    </ClCompile>
    <ClCompile Include="SettingsPage.cpp">
      <Filter>Source Files\Pages</Filter>
    </ClCompile>
    <ClCompile Include="automaticStartupHelpers.cpp">
      <Filter>Source Files\WindowsSpecificHelpers</Filter>
    </ClCompile>
    <ClCompile Include="WindowsAppsInfoManager.cpp">
      <Filter>Source Files\activityTracking\WindowsAppsInfo</Filter>
    </ClCompile>
    <ClCompile Include="windowsAppsInfoNetworkHelpers.cpp">
      <Filter>Source Files\Network</Filter>
    </ClCompile>
    <ClCompile Include="dataStorageSetupNetworkHelpers.cpp">
      <Filter>Source Files\Network</Filter>
    </ClCompile>
    <ClCompile Include="timeHelpers.hpp">
      <Filter>Header Files\generalHelpers</Filter>
    </ClCompile>
    <ClCompile Include="ScreenshotsManager.cpp">
      <Filter>Source Files\activityTracking\Screenshots</Filter>
    </ClCompile>
    <ClCompile Include="ScreenshotsThread.cpp">
      <Filter>Source Files\activityTracking\Screenshots</Filter>
    </ClCompile>
  </ItemGroup>
  <ItemGroup>
    <ClInclude Include="MainApp.hpp">
      <Filter>Header Files</Filter>
    </ClInclude>
    <ClInclude Include="ConfigManager.hpp">
      <Filter>Header Files</Filter>
    </ClInclude>
    <ClInclude Include="InitialSetupPage.hpp">
      <Filter>Header Files\Pages</Filter>
    </ClInclude>
    <ClInclude Include="constants.hpp">
      <Filter>Header Files\Constants</Filter>
    </ClInclude>
    <ClInclude Include="ExistingSetupPage.hpp">
      <Filter>Header Files\Pages</Filter>
    </ClInclude>
    <ClInclude Include="MainPage.hpp">
      <Filter>Header Files\Pages</Filter>
    </ClInclude>
    <ClInclude Include="SettingsPage.hpp">
      <Filter>Header Files\Pages</Filter>
    </ClInclude>
    <ClInclude Include="automaticStartupHelpers.hpp">
      <Filter>Header Files\WindowsSpecificHelpers</Filter>
    </ClInclude>
    <ClInclude Include="generalHelpers.hpp">
      <Filter>Header Files</Filter>
    </ClInclude>
    <ClInclude Include="WindowsAppsInfoManager.hpp">
      <Filter>Header Files\activityTracking\WindowsAppsInfo</Filter>
    </ClInclude>
    <ClInclude Include="WindowInfo.hpp">
      <Filter>Header Files</Filter>
    </ClInclude>
    <ClInclude Include="windowsAppsInfoNetworkHelpers.hpp">
      <Filter>Header Files\Network</Filter>
    </ClInclude>
    <ClInclude Include="JsonHelpers.hpp">
      <Filter>Header Files\Network\JSON</Filter>
    </ClInclude>
    <ClInclude Include="dataStorageSetupNetworkHelpers.hpp">
      <Filter>Header Files\Network</Filter>
    </ClInclude>
    <ClInclude Include="ScreenshotsManager.hpp">
      <Filter>Header Files\activityTracking\Screenshots</Filter>
    </ClInclude>
    <ClInclude Include="ScreenshotsManagerConstants.hpp">
      <Filter>Header Files\activityTracking\Screenshots</Filter>
    </ClInclude>
    <ClInclude Include="ScreenshotsThread.hpp">
      <Filter>Header Files</Filter>
    </ClInclude>
  </ItemGroup>
  <ItemGroup>
    <Image Include="Icon.ico">
      <Filter>Resource Files</Filter>
    </Image>
  </ItemGroup>
  <ItemGroup>
    <None Include="resources\activityTrackingEventProfileSchema.json">
      <Filter>resources</Filter>
    </None>
  </ItemGroup>
</Project>